
Microsoft Visual Studio Solution File, Format Version 12.00
# Visual Studio 15
Project("{FAE04EC0-301F-11D3-BF4B-00C04F79EFBC}") = "Assembly-CSharp", "Assembly-CSharp.csproj", "{5B014E0B-AF07-33A4-FBE7-A86AEC04B8EE}"
EndProject
Global
	GlobalSection(SolutionConfigurationPlatforms) = preSolution
		Debug|Any CPU = Debug|Any CPU
		Release|Any CPU = Release|Any CPU
	EndGlobalSection
	GlobalSection(ProjectConfigurationPlatforms) = postSolution
		{5B014E0B-AF07-33A4-FBE7-A86AEC04B8EE}.Debug|Any CPU.ActiveCfg = Debug|Any CPU
		{5B014E0B-AF07-33A4-FBE7-A86AEC04B8EE}.Debug|Any CPU.Build.0 = Debug|Any CPU
		{5B014E0B-AF07-33A4-FBE7-A86AEC04B8EE}.Release|Any CPU.ActiveCfg = Release|Any CPU
		{5B014E0B-AF07-33A4-FBE7-A86AEC04B8EE}.Release|Any CPU.Build.0 = Release|Any CPU
	EndGlobalSection
	GlobalSection(SolutionProperties) = preSolution
		HideSolutionNode = FALSE
	EndGlobalSection
EndGlobal
